
Microsoft Visual Studio Solution File, Format Version 12.00
# Visual Studio Version 17
VisualStudioVersion = 17.3.32811.315
MinimumVisualStudioVersion = 10.0.40219.1
Project("{FAE04EC0-301F-11D3-BF4B-00C04F79EFBC}") = "WinForms-Task-QuestionnaireTWO", "WinForms-Task-QuestionnaireTWO\WinForms-Task-QuestionnaireTWO.csproj", "{26D462C2-C90E-4BA3-8EFB-F9D760B65749}"
EndProject
Global
	GlobalSection(SolutionConfigurationPlatforms) = preSolution
		Debug|Any CPU = Debug|Any CPU
		Release|Any CPU = Release|Any CPU
	EndGlobalSection
	GlobalSection(ProjectConfigurationPlatforms) = postSolution
		{26D462C2-C90E-4BA3-8EFB-F9D760B65749}.Debug|Any CPU.ActiveCfg = Debug|Any CPU
		{26D462C2-C90E-4BA3-8EFB-F9D760B65749}.Debug|Any CPU.Build.0 = Debug|Any CPU
		{26D462C2-C90E-4BA3-8EFB-F9D760B65749}.Release|Any CPU.ActiveCfg = Release|Any CPU
		{26D462C2-C90E-4BA3-8EFB-F9D760B65749}.Release|Any CPU.Build.0 = Release|Any CPU
	EndGlobalSection
	GlobalSection(SolutionProperties) = preSolution
		HideSolutionNode = FALSE
	EndGlobalSection
	GlobalSection(ExtensibilityGlobals) = postSolution
		SolutionGuid = {E86F063C-E811-4BBC-BBC5-864C3C50C0BC}
	EndGlobalSection
EndGlobal
